
Microsoft Visual Studio Solution File, Format Version 12.00
# Visual Studio 2015
Project("{FAE04EC0-301F-11D3-BF4B-00C04F79EFBC}") = "Design Partterns.CSharp", "Design Partterns.CSharp.csproj", "{CB8833FC-E1EA-15EA-BE26-7BD55234D475}"
EndProject
Global
	GlobalSection(SolutionConfigurationPlatforms) = preSolution
		Debug|Any CPU = Debug|Any CPU
		Release|Any CPU = Release|Any CPU
	EndGlobalSection
	GlobalSection(ProjectConfigurationPlatforms) = postSolution
		{CB8833FC-E1EA-15EA-BE26-7BD55234D475}.Debug|Any CPU.ActiveCfg = Debug|Any CPU
		{CB8833FC-E1EA-15EA-BE26-7BD55234D475}.Debug|Any CPU.Build.0 = Debug|Any CPU
		{CB8833FC-E1EA-15EA-BE26-7BD55234D475}.Release|Any CPU.ActiveCfg = Release|Any CPU
		{CB8833FC-E1EA-15EA-BE26-7BD55234D475}.Release|Any CPU.Build.0 = Release|Any CPU
	EndGlobalSection
	GlobalSection(SolutionProperties) = preSolution
		HideSolutionNode = FALSE
	EndGlobalSection
EndGlobal
